
Microsoft Visual Studio Solution File, Format Version 12.00
Project("{FAE04EC0-301F-11D3-BF4B-00C04F79EFBC}") = "POO_Proyecto_Cartas_Arreglado_SinVentana", "POO_Proyecto_Cartas_Arreglado_SinVentana\POO_Proyecto_Cartas_Arreglado_SinVentana.csproj", "{024D2C81-8AC1-4954-8317-BA82B8150294}"
EndProject
Global
	GlobalSection(SolutionConfigurationPlatforms) = preSolution
		Debug|Any CPU = Debug|Any CPU
		Release|Any CPU = Release|Any CPU
	EndGlobalSection
	GlobalSection(ProjectConfigurationPlatforms) = postSolution
		{024D2C81-8AC1-4954-8317-BA82B8150294}.Debug|Any CPU.ActiveCfg = Debug|Any CPU
		{024D2C81-8AC1-4954-8317-BA82B8150294}.Debug|Any CPU.Build.0 = Debug|Any CPU
		{024D2C81-8AC1-4954-8317-BA82B8150294}.Release|Any CPU.ActiveCfg = Release|Any CPU
		{024D2C81-8AC1-4954-8317-BA82B8150294}.Release|Any CPU.Build.0 = Release|Any CPU
	EndGlobalSection
EndGlobal
